{
  "version": 4,
  "terraform_version": "0.12.25",
  "serial": 1,
  "lineage": "35bfc5ee-e914-bb12-dbbd-b3e2d71d1ae7",
  "outputs": {},
  "resources": [
    {
      "mode": "data",
      "type": "aws_subnet",
      "name": "public",
      "provider": "provider.aws",
      "instances": [
        {
          "schema_version": 0,
          "attributes": {
            "arn": "arn:aws:ec2:us-east-1:350776062800:subnet/subnet-06f478af15180f3b4",
            "assign_ipv6_address_on_creation": false,
            "availability_zone": "us-east-1c",
            "availability_zone_id": "use1-az4",
            "available_ip_address_count": 247,
            "cidr_block": "10.0.2.0/24",
            "customer_owned_ipv4_pool": "",
            "default_for_az": false,
            "filter": null,
            "id": "subnet-06f478af15180f3b4",
            "ipv6_cidr_block": null,
            "ipv6_cidr_block_association_id": null,
            "map_customer_owned_ip_on_launch": false,
            "map_public_ip_on_launch": false,
            "outpost_arn": "",
            "owner_id": "350776062800",
            "state": "available",
            "tags": {
              "Name": "Public-Merakai-c"
            },
            "vpc_id": "vpc-035cfb55934681283"
          }
        }
      ]
    },
    {
      "mode": "data",
      "type": "aws_vpc",
      "name": "web",
      "provider": "provider.aws",
      "instances": [
        {
          "schema_version": 0,
          "attributes": {
            "arn": "arn:aws:ec2:us-east-1:350776062800:vpc/vpc-035cfb55934681283",
            "cidr_block": "10.0.0.0/16",
            "cidr_block_associations": [
              {
                "association_id": "vpc-cidr-assoc-0e04e3857727fc9e1",
                "cidr_block": "10.0.0.0/16",
                "state": "associated"
              }
            ],
            "default": false,
            "dhcp_options_id": "dopt-a92d51d3",
            "enable_dns_hostnames": true,
            "enable_dns_support": true,
            "filter": null,
            "id": "vpc-035cfb55934681283",
            "instance_tenancy": "default",
            "ipv6_association_id": null,
            "ipv6_cidr_block": null,
            "main_route_table_id": "rtb-031f747d75865c5a5",
            "owner_id": "350776062800",
            "state": "available",
            "tags": {
              "Name": "Merkaibros-US-E-1"
            }
          }
        }
      ]
    },
    {
      "mode": "managed",
      "type": "aws_instance",
      "name": "test",
      "provider": "provider.aws",
      "instances": [
        {
          "schema_version": 1,
          "attributes": {
            "ami": "ami-0915bcb5fa77e4892",
            "arn": "arn:aws:ec2:us-east-1:350776062800:instance/i-05ffe9eaf68566ccc",
            "associate_public_ip_address": false,
            "availability_zone": "us-east-1c",
            "cpu_core_count": 1,
            "cpu_threads_per_core": 1,
            "credit_specification": [
              {
                "cpu_credits": "standard"
              }
            ],
            "disable_api_termination": false,
            "ebs_block_device": [],
            "ebs_optimized": false,
            "enclave_options": [
              {
                "enabled": false
              }
            ],
            "ephemeral_block_device": [],
            "get_password_data": false,
            "hibernation": false,
            "host_id": null,
            "iam_instance_profile": "",
            "id": "i-05ffe9eaf68566ccc",
            "instance_initiated_shutdown_behavior": null,
            "instance_state": "running",
            "instance_type": "t2.micro",
            "ipv6_address_count": 0,
            "ipv6_addresses": [],
            "key_name": "",
            "metadata_options": [
              {
                "http_endpoint": "enabled",
                "http_put_response_hop_limit": 1,
                "http_tokens": "optional"
              }
            ],
            "monitoring": false,
            "network_interface": [],
            "outpost_arn": "",
            "password_data": "",
            "placement_group": "",
            "primary_network_interface_id": "eni-06750b1a1215d921b",
            "private_dns": "ip-10-0-2-14.ec2.internal",
            "private_ip": "10.0.2.14",
            "public_dns": "",
            "public_ip": "",
            "root_block_device": [
              {
                "delete_on_termination": true,
                "device_name": "/dev/xvda",
                "encrypted": false,
                "iops": 100,
                "kms_key_id": "",
                "tags": {},
                "throughput": 0,
                "volume_id": "vol-05ebfb5b1c7228055",
                "volume_size": 8,
                "volume_type": "gp2"
              }
            ],
            "secondary_private_ips": [],
            "security_groups": [
              "sg-0263e6f2a528167b8"
            ],
            "source_dest_check": true,
            "subnet_id": "subnet-06f478af15180f3b4",
            "tags": {
              "Name": "test"
            },
            "tenancy": "default",
            "timeouts": null,
            "user_data": null,
            "user_data_base64": null,
            "volume_tags": null,
            "vpc_security_group_ids": [
              "sg-0263e6f2a528167b8"
            ]
          },
          "private": "eyJlMmJmYjczMC1lY2FhLTExZTYtOGY4OC0zNDM2M2JjN2M0YzAiOnsiY3JlYXRlIjo2MDAwMDAwMDAwMDAsImRlbGV0ZSI6MTIwMDAwMDAwMDAwMCwidXBkYXRlIjo2MDAwMDAwMDAwMDB9LCJzY2hlbWFfdmVyc2lvbiI6IjEifQ=="
        }
      ]
    }
  ]
}
